
Microsoft Visual Studio Solution File, Format Version 12.00
# Visual Studio 2012
Project("{FAE04EC0-301F-11D3-BF4B-00C04F79EFBC}") = "DemoPage.Android", "DemoPage.Android\DemoPage.Android.csproj", "{2A682230-ACA2-49F5-87E9-A26DFE706D21}"
EndProject
Project("{FAE04EC0-301F-11D3-BF4B-00C04F79EFBC}") = "DemoPage.iOS", "DemoPage.iOS\DemoPage.iOS.csproj", "{5D916C63-A518-46E7-AD82-DC3F7B314FBF}"
EndProject
Project("{FAE04EC0-301F-11D3-BF4B-00C04F79EFBC}") = "DemoPage", "DemoPage\DemoPage.csproj", "{EAB0950D-AB69-4922-8630-B3E93AF8CEA2}"
EndProject
Global
	GlobalSection(SolutionConfigurationPlatforms) = preSolution
		Debug|Any CPU = Debug|Any CPU
		Release|Any CPU = Release|Any CPU
		Debug|iPhoneSimulator = Debug|iPhoneSimulator
		Release|iPhoneSimulator = Release|iPhoneSimulator
		Debug|iPhone = Debug|iPhone
		Release|iPhone = Release|iPhone
		Ad-Hoc|iPhone = Ad-Hoc|iPhone
		AppStore|iPhone = AppStore|iPhone
	EndGlobalSection
	GlobalSection(ProjectConfigurationPlatforms) = postSolution
		{2A682230-ACA2-49F5-87E9-A26DFE706D21}.Debug|Any CPU.ActiveCfg = Debug|Any CPU
		{2A682230-ACA2-49F5-87E9-A26DFE706D21}.Debug|Any CPU.Build.0 = Debug|Any CPU
		{2A682230-ACA2-49F5-87E9-A26DFE706D21}.Release|Any CPU.ActiveCfg = Release|Any CPU
		{2A682230-ACA2-49F5-87E9-A26DFE706D21}.Release|Any CPU.Build.0 = Release|Any CPU
		{2A682230-ACA2-49F5-87E9-A26DFE706D21}.Debug|iPhoneSimulator.ActiveCfg = Debug|Any CPU
		{2A682230-ACA2-49F5-87E9-A26DFE706D21}.Debug|iPhoneSimulator.Build.0 = Debug|Any CPU
		{2A682230-ACA2-49F5-87E9-A26DFE706D21}.Release|iPhoneSimulator.ActiveCfg = Release|Any CPU
		{2A682230-ACA2-49F5-87E9-A26DFE706D21}.Release|iPhoneSimulator.Build.0 = Release|Any CPU
		{2A682230-ACA2-49F5-87E9-A26DFE706D21}.Debug|iPhone.ActiveCfg = Debug|Any CPU
		{2A682230-ACA2-49F5-87E9-A26DFE706D21}.Debug|iPhone.Build.0 = Debug|Any CPU
		{2A682230-ACA2-49F5-87E9-A26DFE706D21}.Release|iPhone.ActiveCfg = Release|Any CPU
		{2A682230-ACA2-49F5-87E9-A26DFE706D21}.Release|iPhone.Build.0 = Release|Any CPU
		{2A682230-ACA2-49F5-87E9-A26DFE706D21}.Ad-Hoc|iPhone.ActiveCfg = Debug|Any CPU
		{2A682230-ACA2-49F5-87E9-A26DFE706D21}.Ad-Hoc|iPhone.Build.0 = Debug|Any CPU
		{2A682230-ACA2-49F5-87E9-A26DFE706D21}.AppStore|iPhone.ActiveCfg = Debug|Any CPU
		{2A682230-ACA2-49F5-87E9-A26DFE706D21}.AppStore|iPhone.Build.0 = Debug|Any CPU
		{5D916C63-A518-46E7-AD82-DC3F7B314FBF}.Debug|Any CPU.ActiveCfg = Debug|iPhoneSimulator
		{5D916C63-A518-46E7-AD82-DC3F7B314FBF}.Debug|Any CPU.Build.0 = Debug|iPhoneSimulator
		{5D916C63-A518-46E7-AD82-DC3F7B314FBF}.Release|Any CPU.ActiveCfg = Release|iPhoneSimulator
		{5D916C63-A518-46E7-AD82-DC3F7B314FBF}.Release|Any CPU.Build.0 = Release|iPhoneSimulator
		{5D916C63-A518-46E7-AD82-DC3F7B314FBF}.Debug|iPhoneSimulator.ActiveCfg = Debug|iPhoneSimulator
		{5D916C63-A518-46E7-AD82-DC3F7B314FBF}.Debug|iPhoneSimulator.Build.0 = Debug|iPhoneSimulator
		{5D916C63-A518-46E7-AD82-DC3F7B314FBF}.Release|iPhoneSimulator.ActiveCfg = Release|iPhoneSimulator
		{5D916C63-A518-46E7-AD82-DC3F7B314FBF}.Release|iPhoneSimulator.Build.0 = Release|iPhoneSimulator
		{5D916C63-A518-46E7-AD82-DC3F7B314FBF}.Debug|iPhone.ActiveCfg = Debug|iPhone
		{5D916C63-A518-46E7-AD82-DC3F7B314FBF}.Debug|iPhone.Build.0 = Debug|iPhone
		{5D916C63-A518-46E7-AD82-DC3F7B314FBF}.Release|iPhone.ActiveCfg = Release|iPhone
		{5D916C63-A518-46E7-AD82-DC3F7B314FBF}.Release|iPhone.Build.0 = Release|iPhone
		{5D916C63-A518-46E7-AD82-DC3F7B314FBF}.Ad-Hoc|iPhone.ActiveCfg = Ad-Hoc|iPhone
		{5D916C63-A518-46E7-AD82-DC3F7B314FBF}.Ad-Hoc|iPhone.Build.0 = Ad-Hoc|iPhone
		{5D916C63-A518-46E7-AD82-DC3F7B314FBF}.AppStore|iPhone.ActiveCfg = AppStore|iPhone
		{5D916C63-A518-46E7-AD82-DC3F7B314FBF}.AppStore|iPhone.Build.0 = AppStore|iPhone
		{EAB0950D-AB69-4922-8630-B3E93AF8CEA2}.Debug|Any CPU.ActiveCfg = Debug|Any CPU
		{EAB0950D-AB69-4922-8630-B3E93AF8CEA2}.Debug|Any CPU.Build.0 = Debug|Any CPU
		{EAB0950D-AB69-4922-8630-B3E93AF8CEA2}.Release|Any CPU.ActiveCfg = Release|Any CPU
		{EAB0950D-AB69-4922-8630-B3E93AF8CEA2}.Release|Any CPU.Build.0 = Release|Any CPU
		{EAB0950D-AB69-4922-8630-B3E93AF8CEA2}.Debug|iPhoneSimulator.ActiveCfg = Debug|Any CPU
		{EAB0950D-AB69-4922-8630-B3E93AF8CEA2}.Debug|iPhoneSimulator.Build.0 = Debug|Any CPU
		{EAB0950D-AB69-4922-8630-B3E93AF8CEA2}.Release|iPhoneSimulator.ActiveCfg = Release|Any CPU
		{EAB0950D-AB69-4922-8630-B3E93AF8CEA2}.Release|iPhoneSimulator.Build.0 = Release|Any CPU
		{EAB0950D-AB69-4922-8630-B3E93AF8CEA2}.Debug|iPhone.ActiveCfg = Debug|Any CPU
		{EAB0950D-AB69-4922-8630-B3E93AF8CEA2}.Debug|iPhone.Build.0 = Debug|Any CPU
		{EAB0950D-AB69-4922-8630-B3E93AF8CEA2}.Release|iPhone.ActiveCfg = Release|Any CPU
		{EAB0950D-AB69-4922-8630-B3E93AF8CEA2}.Release|iPhone.Build.0 = Release|Any CPU
		{EAB0950D-AB69-4922-8630-B3E93AF8CEA2}.Ad-Hoc|iPhone.ActiveCfg = Debug|Any CPU
		{EAB0950D-AB69-4922-8630-B3E93AF8CEA2}.Ad-Hoc|iPhone.Build.0 = Debug|Any CPU
		{EAB0950D-AB69-4922-8630-B3E93AF8CEA2}.AppStore|iPhone.ActiveCfg = Debug|Any CPU
		{EAB0950D-AB69-4922-8630-B3E93AF8CEA2}.AppStore|iPhone.Build.0 = Debug|Any CPU
	EndGlobalSection
EndGlobal
